{
  "name": "kilovolt-client",
  "version": "1.0.0",
  "lockfileVersion": 1,
  "requires": true,
  "dependencies": {
    "@billjs/event-emitter": {
      "version": "1.0.3",
      "resolved": "https://registry.npmjs.org/@billjs/event-emitter/-/event-emitter-1.0.3.tgz",
      "integrity": "sha512-ZvzKYD/Gk9HSq42jCHFlTXb3oJztspH7WTdlVU6WdW3MKk6Jja/wWhxRSpT07aDkU69pqdUl9zx6lpG6/qxO6g=="
    },
    "typescript": {
      "version": "4.2.4",
      "resolved": "https://registry.npmjs.org/typescript/-/typescript-4.2.4.tgz",
      "integrity": "sha512-V+evlYHZnQkaz8TRBuxTA92yZBPotr5H+WhQ7bD3hZUndx5tGOa1fuCgeSjxAzM1RiN5IzvadIXTVefuuwZCRg==",
      "dev": true
    }
  }
}
